// !$*UTF8*$!
{
	archiveVersion = 1;
	classes = {
	};
	objectVersion = 50;
	objects = {

/* Begin PBXBuildFile section */
		BD7764822605A0EA00D9C655 /* AppDelegate.swift in Sources */ = {isa = PBXBuildFile; fileRef = BD7764812605A0EA00D9C655 /* AppDelegate.swift */; };
		BD7764842605A0EA00D9C655 /* SceneDelegate.swift in Sources */ = {isa = PBXBuildFile; fileRef = BD7764832605A0EA00D9C655 /* SceneDelegate.swift */; };
		BD7764862605A0EA00D9C655 /* ViewController.swift in Sources */ = {isa = PBXBuildFile; fileRef = BD7764852605A0EA00D9C655 /* ViewController.swift */; };
		BD7764892605A0EA00D9C655 /* Main.storyboard in Resources */ = {isa = PBXBuildFile; fileRef = BD7764872605A0EA00D9C655 /* Main.storyboard */; };
		BD77648B2605A0F800D9C655 /* Assets.xcassets in Resources */ = {isa = PBXBuildFile; fileRef = BD77648A2605A0F800D9C655 /* Assets.xcassets */; };
		BD77648E2605A0F800D9C655 /* LaunchScreen.storyboard in Resources */ = {isa = PBXBuildFile; fileRef = BD77648C2605A0F800D9C655 /* LaunchScreen.storyboard */; };
		BD7764992605A0F800D9C655 /* ParstagramTests.swift in Sources */ = {isa = PBXBuildFile; fileRef = BD7764982605A0F800D9C655 /* ParstagramTests.swift */; };
		BD7764A42605A0F800D9C655 /* ParstagramUITests.swift in Sources */ = {isa = PBXBuildFile; fileRef = BD7764A32605A0F800D9C655 /* ParstagramUITests.swift */; };
/* End PBXBuildFile section */

/* Begin PBXContainerItemProxy section */
		BD7764952605A0F800D9C655 /* PBXContainerItemProxy */ = {
			isa = PBXContainerItemProxy;
			containerPortal = BD7764762605A0EA00D9C655 /* Project object */;
			proxyType = 1;
			remoteGlobalIDString = BD77647D2605A0EA00D9C655;
			remoteInfo = Parstagram;
		};
		BD7764A02605A0F800D9C655 /* PBXContainerItemProxy */ = {
			isa = PBXContainerItemProxy;
			containerPortal = BD7764762605A0EA00D9C655 /* Project object */;
			proxyType = 1;
			remoteGlobalIDString = BD77647D2605A0EA00D9C655;
			remoteInfo = Parstagram;
		};
/* End PBXContainerItemProxy section */

/* Begin PBXFileReference section */
		BD77647E2605A0EA00D9C655 /* Parstagram.app */ = {isa = PBXFileReference; explicitFileType = wrapper.application; includeInIndex = 0; path = Parstagram.app; sourceTree = BUILT_PRODUCTS_DIR; };
		BD7764812605A0EA00D9C655 /* AppDelegate.swift */ = {isa = PBXFileReference; lastKnownFileType = sourcecode.swift; path = AppDelegate.swift; sourceTree = "<group>"; };
		BD7764832605A0EA00D9C655 /* SceneDelegate.swift */ = {isa = PBXFileReference; lastKnownFileType = sourcecode.swift; path = SceneDelegate.swift; sourceTree = "<group>"; };
		BD7764852605A0EA00D9C655 /* ViewController.swift */ = {isa = PBXFileReference; lastKnownFileType = sourcecode.swift; path = ViewController.swift; sourceTree = "<group>"; };
		BD7764882605A0EA00D9C655 /* Base */ = {isa = PBXFileReference; lastKnownFileType = file.storyboard; name = Base; path = Base.lproj/Main.storyboard; sourceTree = "<group>"; };
		BD77648A2605A0F800D9C655 /* Assets.xcassets */ = {isa = PBXFileReference; lastKnownFileType = folder.assetcatalog; path = Assets.xcassets; sourceTree = "<group>"; };
		BD77648D2605A0F800D9C655 /* Base */ = {isa = PBXFileReference; lastKnownFileType = file.storyboard; name = Base; path = Base.lproj/LaunchScreen.storyboard; sourceTree = "<group>"; };
		BD77648F2605A0F800D9C655 /* Info.plist */ = {isa = PBXFileReference; lastKnownFileType = text.plist.xml; path = Info.plist; sourceTree = "<group>"; };
		BD7764942605A0F800D9C655 /* ParstagramTests.xctest */ = {isa = PBXFileReference; explicitFileType = wrapper.cfbundle; includeInIndex = 0; path = ParstagramTests.xctest; sourceTree = BUILT_PRODUCTS_DIR; };
		BD7764982605A0F800D9C655 /* ParstagramTests.swift */ = {isa = PBXFileReference; lastKnownFileType = sourcecode.swift; path = ParstagramTests.swift; sourceTree = "<group>"; };
		BD77649A2605A0F800D9C655 /* Info.plist */ = {isa = PBXFileReference; lastKnownFileType = text.plist.xml; path = Info.plist; sourceTree = "<group>"; };
		BD77649F2605A0F800D9C655 /* ParstagramUITests.xctest */ = {isa = PBXFileReference; explicitFileType = wrapper.cfbundle; includeInIndex = 0; path = ParstagramUITests.xctest; sourceTree = BUILT_PRODUCTS_DIR; };
		BD7764A32605A0F800D9C655 /* ParstagramUITests.swift */ = {isa = PBXFileReference; lastKnownFileType = sourcecode.swift; path = ParstagramUITests.swift; sourceTree = "<group>"; };
		BD7764A52605A0F800D9C655 /* Info.plist */ = {isa = PBXFileReference; lastKnownFileType = text.plist.xml; path = Info.plist; sourceTree = "<group>"; };
/* End PBXFileReference section */

/* Begin PBXFrameworksBuildPhase section */
		BD77647B2605A0EA00D9C655 /* Frameworks */ = {
			isa = PBXFrameworksBuildPhase;
			buildActionMask = 2147483647;
			files = (
			);
			runOnlyForDeploymentPostprocessing = 0;
		};
		BD7764912605A0F800D9C655 /* Frameworks */ = {
			isa = PBXFrameworksBuildPhase;
			buildActionMask = 2147483647;
			files = (
			);
			runOnlyForDeploymentPostprocessing = 0;
		};
		BD77649C2605A0F800D9C655 /* Frameworks */ = {
			isa = PBXFrameworksBuildPhase;
			buildActionMask = 2147483647;
			files = (
			);
			runOnlyForDeploymentPostprocessing = 0;
		};
/* End PBXFrameworksBuildPhase section */

/* Begin PBXGroup section */
		BD7764752605A0EA00D9C655 = {
			isa = PBXGroup;
			children = (
				BD7764802605A0EA00D9C655 /* Parstagram */,
				BD7764972605A0F800D9C655 /* ParstagramTests */,
				BD7764A22605A0F800D9C655 /* ParstagramUITests */,
				BD77647F2605A0EA00D9C655 /* Products */,
			);
			sourceTree = "<group>";
		};
		BD77647F2605A0EA00D9C655 /* Products */ = {
			isa = PBXGroup;
			children = (
				BD77647E2605A0EA00D9C655 /* Parstagram.app */,
				BD7764942605A0F800D9C655 /* ParstagramTests.xctest */,
				BD77649F2605A0F800D9C655 /* ParstagramUITests.xctest */,
			);
			name = Products;
			sourceTree = "<group>";
		};
		BD7764802605A0EA00D9C655 /* Parstagram */ = {
			isa = PBXGroup;
			children = (
				BD7764812605A0EA00D9C655 /* AppDelegate.swift */,
				BD7764832605A0EA00D9C655 /* SceneDelegate.swift */,
				BD7764852605A0EA00D9C655 /* ViewController.swift */,
				BD7764872605A0EA00D9C655 /* Main.storyboard */,
				BD77648A2605A0F800D9C655 /* Assets.xcassets */,
				BD77648C2605A0F800D9C655 /* LaunchScreen.storyboard */,
				BD77648F2605A0F800D9C655 /* Info.plist */,
			);
			path = Parstagram;
			sourceTree = "<group>";
		};
		BD7764972605A0F800D9C655 /* ParstagramTests */ = {
			isa = PBXGroup;
			children = (
				BD7764982605A0F800D9C655 /* ParstagramTests.swift */,
				BD77649A2605A0F800D9C655 /* Info.plist */,
			);
			path = ParstagramTests;
			sourceTree = "<group>";
		};
		BD7764A22605A0F800D9C655 /* ParstagramUITests */ = {
			isa = PBXGroup;
			children = (
				BD7764A32605A0F800D9C655 /* ParstagramUITests.swift */,
				BD7764A52605A0F800D9C655 /* Info.plist */,
			);
			path = ParstagramUITests;
			sourceTree = "<group>";
		};
/* End PBXGroup section */

/* Begin PBXNativeTarget section */
		BD77647D2605A0EA00D9C655 /* Parstagram */ = {
			isa = PBXNativeTarget;
			buildConfigurationList = BD7764A82605A0F800D9C655 /* Build configuration list for PBXNativeTarget "Parstagram" */;
			buildPhases = (
				BD77647A2605A0EA00D9C655 /* Sources */,
				BD77647B2605A0EA00D9C655 /* Frameworks */,
				BD77647C2605A0EA00D9C655 /* Resources */,
			);
			buildRules = (
			);
			dependencies = (
			);
			name = Parstagram;
			productName = Parstagram;
			productReference = BD77647E2605A0EA00D9C655 /* Parstagram.app */;
			productType = "com.apple.product-type.application";
		};
		BD7764932605A0F800D9C655 /* ParstagramTests */ = {
			isa = PBXNativeTarget;
			buildConfigurationList = BD7764AB2605A0F800D9C655 /* Build configuration list for PBXNativeTarget "ParstagramTests" */;
			buildPhases = (
				BD7764902605A0F800D9C655 /* Sources */,
				BD7764912605A0F800D9C655 /* Frameworks */,
				BD7764922605A0F800D9C655 /* Resources */,
			);
			buildRules = (
			);
			dependencies = (
				BD7764962605A0F800D9C655 /* PBXTargetDependency */,
			);
			name = ParstagramTests;
			productName = ParstagramTests;
			productReference = BD7764942605A0F800D9C655 /* ParstagramTests.xctest */;
			productType = "com.apple.product-type.bundle.unit-test";
		};
		BD77649E2605A0F800D9C655 /* ParstagramUITests */ = {
			isa = PBXNativeTarget;
			buildConfigurationList = BD7764AE2605A0F800D9C655 /* Build configuration list for PBXNativeTarget "ParstagramUITests" */;
			buildPhases = (
				BD77649B2605A0F800D9C655 /* Sources */,
				BD77649C2605A0F800D9C655 /* Frameworks */,
				BD77649D2605A0F800D9C655 /* Resources */,
			);
			buildRules = (
			);
			dependencies = (
				BD7764A12605A0F800D9C655 /* PBXTargetDependency */,
			);
			name = ParstagramUITests;
			productName = ParstagramUITests;
			productReference = BD77649F2605A0F800D9C655 /* ParstagramUITests.xctest */;
			productType = "com.apple.product-type.bundle.ui-testing";
		};
/* End PBXNativeTarget section */

/* Begin PBXProject section */
		BD7764762605A0EA00D9C655 /* Project object */ = {
			isa = PBXProject;
			attributes = {
				LastSwiftUpdateCheck = 1240;
				LastUpgradeCheck = 1240;
				TargetAttributes = {
					BD77647D2605A0EA00D9C655 = {
						CreatedOnToolsVersion = 12.4;
					};
					BD7764932605A0F800D9C655 = {
						CreatedOnToolsVersion = 12.4;
						TestTargetID = BD77647D2605A0EA00D9C655;
					};
					BD77649E2605A0F800D9C655 = {
						CreatedOnToolsVersion = 12.4;
						TestTargetID = BD77647D2605A0EA00D9C655;
					};
				};
			};
			buildConfigurationList = BD7764792605A0EA00D9C655 /* Build configuration list for PBXProject "Parstagram" */;
			compatibilityVersion = "Xcode 9.3";
			developmentRegion = en;
			hasScannedForEncodings = 0;
			knownRegions = (
				en,
				Base,
			);
			mainGroup = BD7764752605A0EA00D9C655;
			productRefGroup = BD77647F2605A0EA00D9C655 /* Products */;
			projectDirPath = "";
			projectRoot = "";
			targets = (
				BD77647D2605A0EA00D9C655 /* Parstagram */,
				BD7764932605A0F800D9C655 /* ParstagramTests */,
				BD77649E2605A0F800D9C655 /* ParstagramUITests */,
			);
		};
/* End PBXProject section */

/* Begin PBXResourcesBuildPhase section */
		BD77647C2605A0EA00D9C655 /* Resources */ = {
			isa = PBXResourcesBuildPhase;
			buildActionMask = 2147483647;
			files = (
				BD77648E2605A0F800D9C655 /* LaunchScreen.storyboard in Resources */,
				BD77648B2605A0F800D9C655 /* Assets.xcassets in Resources */,
				BD7764892605A0EA00D9C655 /* Main.storyboard in Resources */,
			);
			runOnlyForDeploymentPostprocessing = 0;
		};
		BD7764922605A0F800D9C655 /* Resources */ = {
			isa = PBXResourcesBuildPhase;
			buildActionMask = 2147483647;
			files = (
			);
			runOnlyForDeploymentPostprocessing = 0;
		};
		BD77649D2605A0F800D9C655 /* Resources */ = {
			isa = PBXResourcesBuildPhase;
			buildActionMask = 2147483647;
			files = (
			);
			runOnlyForDeploymentPostprocessing = 0;
		};
/* End PBXResourcesBuildPhase section */

/* Begin PBXSourcesBuildPhase section */
		BD77647A2605A0EA00D9C655 /* Sources */ = {
			isa = PBXSourcesBuildPhase;
			buildActionMask = 2147483647;
			files = (
				BD7764862605A0EA00D9C655 /* ViewController.swift in Sources */,
				BD7764822605A0EA00D9C655 /* AppDelegate.swift in Sources */,
				BD7764842605A0EA00D9C655 /* SceneDelegate.swift in Sources */,
			);
			runOnlyForDeploymentPostprocessing = 0;
		};
		BD7764902605A0F800D9C655 /* Sources */ = {
			isa = PBXSourcesBuildPhase;
			buildActionMask = 2147483647;
			files = (
				BD7764992605A0F800D9C655 /* ParstagramTests.swift in Sources */,
			);
			runOnlyForDeploymentPostprocessing = 0;
		};
		BD77649B2605A0F800D9C655 /* Sources */ = {
			isa = PBXSourcesBuildPhase;
			buildActionMask = 2147483647;
			files = (
				BD7764A42605A0F800D9C655 /* ParstagramUITests.swift in Sources */,
			);
			runOnlyForDeploymentPostprocessing = 0;
		};
/* End PBXSourcesBuildPhase section */

/* Begin PBXTargetDependency section */
		BD7764962605A0F800D9C655 /* PBXTargetDependency */ = {
			isa = PBXTargetDependency;
			target = BD77647D2605A0EA00D9C655 /* Parstagram */;
			targetProxy = BD7764952605A0F800D9C655 /* PBXContainerItemProxy */;
		};
		BD7764A12605A0F800D9C655 /* PBXTargetDependency */ = {
			isa = PBXTargetDependency;
			target = BD77647D2605A0EA00D9C655 /* Parstagram */;
			targetProxy = BD7764A02605A0F800D9C655 /* PBXContainerItemProxy */;
		};
/* End PBXTargetDependency section */

/* Begin PBXVariantGroup section */
		BD7764872605A0EA00D9C655 /* Main.storyboard */ = {
			isa = PBXVariantGroup;
			children = (
				BD7764882605A0EA00D9C655 /* Base */,
			);
			name = Main.storyboard;
			sourceTree = "<group>";
		};
		BD77648C2605A0F800D9C655 /* LaunchScreen.storyboard */ = {
			isa = PBXVariantGroup;
			children = (
				BD77648D2605A0F800D9C655 /* Base */,
			);
			name = LaunchScreen.storyboard;
			sourceTree = "<group>";
		};
/* End PBXVariantGroup section */

/* Begin XCBuildConfiguration section */
		BD7764A62605A0F800D9C655 /* Debug */ = {
			isa = XCBuildConfiguration;
			buildSettings = {
				ALWAYS_SEARCH_USER_PATHS = NO;
				CLANG_ANALYZER_NONNULL = YES;
				CLANG_ANALYZER_NUMBER_OBJECT_CONVERSION = YES_AGGRESSIVE;
				CLANG_CXX_LANGUAGE_STANDARD = "gnu++14";
				CLANG_CXX_LIBRARY = "libc++";
				CLANG_ENABLE_MODULES = YES;
				CLANG_ENABLE_OBJC_ARC = YES;
				CLANG_ENABLE_OBJC_WEAK = YES;
				CLANG_WARN_BLOCK_CAPTURE_AUTORELEASING = YES;
				CLANG_WARN_BOOL_CONVERSION = YES;
				CLANG_WARN_COMMA = YES;
				CLANG_WARN_CONSTANT_CONVERSION = YES;
				CLANG_WARN_DEPRECATED_OBJC_IMPLEMENTATIONS = YES;
				CLANG_WARN_DIRECT_OBJC_ISA_USAGE = YES_ERROR;
				CLANG_WARN_DOCUMENTATION_COMMENTS = YES;
				CLANG_WARN_EMPTY_BODY = YES;
				CLANG_WARN_ENUM_CONVERSION = YES;
				CLANG_WARN_INFINITE_RECURSION = YES;
				CLANG_WARN_INT_CONVERSION = YES;
				CLANG_WARN_NON_LITERAL_NULL_CONVERSION = YES;
				CLANG_WARN_OBJC_IMPLICIT_RETAIN_SELF = YES;
				CLANG_WARN_OBJC_LITERAL_CONVERSION = YES;
				CLANG_WARN_OBJC_ROOT_CLASS = YES_ERROR;
				CLANG_WARN_QUOTED_INCLUDE_IN_FRAMEWORK_HEADER = YES;
				CLANG_WARN_RANGE_LOOP_ANALYSIS = YES;
				CLANG_WARN_STRICT_PROTOTYPES = YES;
				CLANG_WARN_SUSPICIOUS_MOVE = YES;
				CLANG_WARN_UNGUARDED_AVAILABILITY = YES_AGGRESSIVE;
				CLANG_WARN_UNREACHABLE_CODE = YES;
				CLANG_WARN__DUPLICATE_METHOD_MATCH = YES;
				COPY_PHASE_STRIP = NO;
				DEBUG_INFORMATION_FORMAT = dwarf;
				ENABLE_STRICT_OBJC_MSGSEND = YES;
				ENABLE_TESTABILITY = YES;
				GCC_C_LANGUAGE_STANDARD = gnu11;
				GCC_DYNAMIC_NO_PIC = NO;
				GCC_NO_COMMON_BLOCKS = YES;
				GCC_OPTIMIZATION_LEVEL = 0;
				GCC_PREPROCESSOR_DEFINITIONS = (
					"DEBUG=1",
					"$(inherited)",
				);
				GCC_WARN_64_TO_32_BIT_CONVERSION = YES;
				GCC_WARN_ABOUT_RETURN_TYPE = YES_ERROR;
				GCC_WARN_UNDECLARED_SELECTOR = YES;
				GCC_WARN_UNINITIALIZED_AUTOS = YES_AGGRESSIVE;
				GCC_WARN_UNUSED_FUNCTION = YES;
				GCC_WARN_UNUSED_VARIABLE = YES;
				IPHONEOS_DEPLOYMENT_TARGET = 14.4;
				MTL_ENABLE_DEBUG_INFO = INCLUDE_SOURCE;
				MTL_FAST_MATH = YES;
				ONLY_ACTIVE_ARCH = YES;
				SDKROOT = iphoneos;
				SWIFT_ACTIVE_COMPILATION_CONDITIONS = DEBUG;
				SWIFT_OPTIMIZATION_LEVEL = "-Onone";
			};
			name = Debug;
		};
		BD7764A72605A0F800D9C655 /* Release */ = {
			isa = XCBuildConfiguration;
			buildSettings = {
				ALWAYS_SEARCH_USER_PATHS = NO;
				CLANG_ANALYZER_NONNULL = YES;
				CLANG_ANALYZER_NUMBER_OBJECT_CONVERSION = YES_AGGRESSIVE;
				CLANG_CXX_LANGUAGE_STANDARD = "gnu++14";
				CLANG_CXX_LIBRARY = "libc++";
				CLANG_ENABLE_MODULES = YES;
				CLANG_ENABLE_OBJC_ARC = YES;
				CLANG_ENABLE_OBJC_WEAK = YES;
				CLANG_WARN_BLOCK_CAPTURE_AUTORELEASING = YES;
				CLANG_WARN_BOOL_CONVERSION = YES;
				CLANG_WARN_COMMA = YES;
				CLANG_WARN_CONSTANT_CONVERSION = YES;
				CLANG_WARN_DEPRECATED_OBJC_IMPLEMENTATIONS = YES;
				CLANG_WARN_DIRECT_OBJC_ISA_USAGE = YES_ERROR;
				CLANG_WARN_DOCUMENTATION_COMMENTS = YES;
				CLANG_WARN_EMPTY_BODY = YES;
				CLANG_WARN_ENUM_CONVERSION = YES;
				CLANG_WARN_INFINITE_RECURSION = YES;
				CLANG_WARN_INT_CONVERSION = YES;
				CLANG_WARN_NON_LITERAL_NULL_CONVERSION = YES;
				CLANG_WARN_OBJC_IMPLICIT_RETAIN_SELF = YES;
				CLANG_WARN_OBJC_LITERAL_CONVERSION = YES;
				CLANG_WARN_OBJC_ROOT_CLASS = YES_ERROR;
				CLANG_WARN_QUOTED_INCLUDE_IN_FRAMEWORK_HEADER = YES;
				CLANG_WARN_RANGE_LOOP_ANALYSIS = YES;
				CLANG_WARN_STRICT_PROTOTYPES = YES;
				CLANG_WARN_SUSPICIOUS_MOVE = YES;
				CLANG_WARN_UNGUARDED_AVAILABILITY = YES_AGGRESSIVE;
				CLANG_WARN_UNREACHABLE_CODE = YES;
				CLANG_WARN__DUPLICATE_METHOD_MATCH = YES;
				COPY_PHASE_STRIP = NO;
				DEBUG_INFORMATION_FORMAT = "dwarf-with-dsym";
				ENABLE_NS_ASSERTIONS = NO;
				ENABLE_STRICT_OBJC_MSGSEND = YES;
				GCC_C_LANGUAGE_STANDARD = gnu11;
				GCC_NO_COMMON_BLOCKS = YES;
				GCC_WARN_64_TO_32_BIT_CONVERSION = YES;
				GCC_WARN_ABOUT_RETURN_TYPE = YES_ERROR;
				GCC_WARN_UNDECLARED_SELECTOR = YES;
				GCC_WARN_UNINITIALIZED_AUTOS = YES_AGGRESSIVE;
				GCC_WARN_UNUSED_FUNCTION = YES;
				GCC_WARN_UNUSED_VARIABLE = YES;
				IPHONEOS_DEPLOYMENT_TARGET = 14.4;
				MTL_ENABLE_DEBUG_INFO = NO;
				MTL_FAST_MATH = YES;
				SDKROOT = iphoneos;
				SWIFT_COMPILATION_MODE = wholemodule;
				SWIFT_OPTIMIZATION_LEVEL = "-O";
				VALIDATE_PRODUCT = YES;
			};
			name = Release;
		};
		BD7764A92605A0F800D9C655 /* Debug */ = {
			isa = XCBuildConfiguration;
			buildSettings = {
				ASSETCATALOG_COMPILER_APPICON_NAME = AppIcon;
				ASSETCATALOG_COMPILER_GLOBAL_ACCENT_COLOR_NAME = AccentColor;
				CODE_SIGN_STYLE = Automatic;
				DEVELOPMENT_TEAM = 9LA726623Q;
				INFOPLIST_FILE = Parstagram/Info.plist;
				LD_RUNPATH_SEARCH_PATHS = (
					"$(inherited)",
					"@executable_path/Frameworks",
				);
				PRODUCT_BUNDLE_IDENTIFIER = com.codepath.Parstagram;
				PRODUCT_NAME = "$(TARGET_NAME)";
				SWIFT_VERSION = 5.0;
				TARGETED_DEVICE_FAMILY = "1,2";
			};
			name = Debug;
		};
		BD7764AA2605A0F800D9C655 /* Release */ = {
			isa = XCBuildConfiguration;
			buildSettings = {
				ASSETCATALOG_COMPILER_APPICON_NAME = AppIcon;
				ASSETCATALOG_COMPILER_GLOBAL_ACCENT_COLOR_NAME = AccentColor;
				CODE_SIGN_STYLE = Automatic;
				DEVELOPMENT_TEAM = 9LA726623Q;
				INFOPLIST_FILE = Parstagram/Info.plist;
				LD_RUNPATH_SEARCH_PATHS = (
					"$(inherited)",
					"@executable_path/Frameworks",
				);
				PRODUCT_BUNDLE_IDENTIFIER = com.codepath.Parstagram;
				PRODUCT_NAME = "$(TARGET_NAME)";
				SWIFT_VERSION = 5.0;
				TARGETED_DEVICE_FAMILY = "1,2";
			};
			name = Release;
		};
		BD7764AC2605A0F800D9C655 /* Debug */ = {
			isa = XCBuildConfiguration;
			buildSettings = {
				ALWAYS_EMBED_SWIFT_STANDARD_LIBRARIES = YES;
				BUNDLE_LOADER = "$(TEST_HOST)";
				CODE_SIGN_STYLE = Automatic;
				DEVELOPMENT_TEAM = 9LA726623Q;
				INFOPLIST_FILE = ParstagramTests/Info.plist;
				IPHONEOS_DEPLOYMENT_TARGET = 14.4;
				LD_RUNPATH_SEARCH_PATHS = (
					"$(inherited)",
					"@executable_path/Frameworks",
					"@loader_path/Frameworks",
				);
				PRODUCT_BUNDLE_IDENTIFIER = com.codepath.ParstagramTests;
				PRODUCT_NAME = "$(TARGET_NAME)";
				SWIFT_VERSION = 5.0;
				TARGETED_DEVICE_FAMILY = "1,2";
				TEST_HOST = "$(BUILT_PRODUCTS_DIR)/Parstagram.app/Parstagram";
			};
			name = Debug;
		};
		BD7764AD2605A0F800D9C655 /* Release */ = {
			isa = XCBuildConfiguration;
			buildSettings = {
				ALWAYS_EMBED_SWIFT_STANDARD_LIBRARIES = YES;
				BUNDLE_LOADER = "$(TEST_HOST)";
				CODE_SIGN_STYLE = Automatic;
				DEVELOPMENT_TEAM = 9LA726623Q;
				INFOPLIST_FILE = ParstagramTests/Info.plist;
				IPHONEOS_DEPLOYMENT_TARGET = 14.4;
				LD_RUNPATH_SEARCH_PATHS = (
					"$(inherited)",
					"@executable_path/Frameworks",
					"@loader_path/Frameworks",
				);
				PRODUCT_BUNDLE_IDENTIFIER = com.codepath.ParstagramTests;
				PRODUCT_NAME = "$(TARGET_NAME)";
				SWIFT_VERSION = 5.0;
				TARGETED_DEVICE_FAMILY = "1,2";
				TEST_HOST = "$(BUILT_PRODUCTS_DIR)/Parstagram.app/Parstagram";
			};
			name = Release;
		};
		BD7764AF2605A0F800D9C655 /* Debug */ = {
			isa = XCBuildConfiguration;
			buildSettings = {
				ALWAYS_EMBED_SWIFT_STANDARD_LIBRARIES = YES;
				CODE_SIGN_STYLE = Automatic;
				DEVELOPMENT_TEAM = 9LA726623Q;
				INFOPLIST_FILE = ParstagramUITests/Info.plist;
				LD_RUNPATH_SEARCH_PATHS = (
					"$(inherited)",
					"@executable_path/Frameworks",
					"@loader_path/Frameworks",
				);
				PRODUCT_BUNDLE_IDENTIFIER = com.codepath.ParstagramUITests;
				PRODUCT_NAME = "$(TARGET_NAME)";
				SWIFT_VERSION = 5.0;
				TARGETED_DEVICE_FAMILY = "1,2";
				TEST_TARGET_NAME = Parstagram;
			};
			name = Debug;
		};
		BD7764B02605A0F800D9C655 /* Release */ = {
			isa = XCBuildConfiguration;
			buildSettings = {
				ALWAYS_EMBED_SWIFT_STANDARD_LIBRARIES = YES;
				CODE_SIGN_STYLE = Automatic;
				DEVELOPMENT_TEAM = 9LA726623Q;
				INFOPLIST_FILE = ParstagramUITests/Info.plist;
				LD_RUNPATH_SEARCH_PATHS = (
					"$(inherited)",
					"@executable_path/Frameworks",
					"@loader_path/Frameworks",
				);
				PRODUCT_BUNDLE_IDENTIFIER = com.codepath.ParstagramUITests;
				PRODUCT_NAME = "$(TARGET_NAME)";
				SWIFT_VERSION = 5.0;
				TARGETED_DEVICE_FAMILY = "1,2";
				TEST_TARGET_NAME = Parstagram;
			};
			name = Release;
		};
/* End XCBuildConfiguration section */

/* Begin XCConfigurationList section */
		BD7764792605A0EA00D9C655 /* Build configuration list for PBXProject "Parstagram" */ = {
			isa = XCConfigurationList;
			buildConfigurations = (
				BD7764A62605A0F800D9C655 /* Debug */,
				BD7764A72605A0F800D9C655 /* Release */,
			);
			defaultConfigurationIsVisible = 0;
			defaultConfigurationName = Release;
		};
		BD7764A82605A0F800D9C655 /* Build configuration list for PBXNativeTarget "Parstagram" */ = {
			isa = XCConfigurationList;
			buildConfigurations = (
				BD7764A92605A0F800D9C655 /* Debug */,
				BD7764AA2605A0F800D9C655 /* Release */,
			);
			defaultConfigurationIsVisible = 0;
			defaultConfigurationName = Release;
		};
		BD7764AB2605A0F800D9C655 /* Build configuration list for PBXNativeTarget "ParstagramTests" */ = {
			isa = XCConfigurationList;
			buildConfigurations = (
				BD7764AC2605A0F800D9C655 /* Debug */,
				BD7764AD2605A0F800D9C655 /* Release */,
			);
			defaultConfigurationIsVisible = 0;
			defaultConfigurationName = Release;
		};
		BD7764AE2605A0F800D9C655 /* Build configuration list for PBXNativeTarget "ParstagramUITests" */ = {
			isa = XCConfigurationList;
			buildConfigurations = (
				BD7764AF2605A0F800D9C655 /* Debug */,
				BD7764B02605A0F800D9C655 /* Release */,
			);
			defaultConfigurationIsVisible = 0;
			defaultConfigurationName = Release;
		};
/* End XCConfigurationList section */
	};
	rootObject = BD7764762605A0EA00D9C655 /* Project object */;
}
